{
    "_meta": {
        "hash": {
            "sha256": "b7482f8d0533d33ae4c467464324ad5f6c2720784d008bb586cc418da6cb9c49"
        },
        "pipfile-spec": 6,
        "requires": {
            "python_version": "3.10"
        },
        "sources": [
            {
                "name": "pypi",
                "url": "https://pypi.org/simple",
                "verify_ssl": true
            }
        ]
    },
    "default": {
        "aiosqlite": {
            "hashes": [
                "sha256:36a1deaca0cac40ebe32aac9977a6e2bbc7f5189f23f4a54d5908986729e5bd6",
                "sha256:6d35c8c256637f4672f843c31021464090805bf925385ac39473fb16eaaca3d7"
            ],
            "markers": "python_version >= '3.8'",
            "version": "==0.20.0"
        },
        "dnspython": {
            "hashes": [
                "sha256:5ef3b9680161f6fa89daf8ad451b5f1a33b18ae8a1c6778cdf4b43f08c0a6e50",
                "sha256:e8f0f9c23a7b7cb99ded64e6c3a6f3e701d78f50c55e002b839dea7225cff7cc"
            ],
            "markers": "python_version >= '3.8'",
            "version": "==2.6.1"
        },
        "hydrogram": {
            "hashes": [
                "sha256:3c64f13a97ca77724648b60c7704bd9ca3cf3e2ffab394762287ca2da58a598b",
                "sha256:4b2ecbc795e8cb24daa70c49a3171c74cdb855bbd6fbcb35b1f49f62b75dd907"
            ],
            "index": "pypi",
            "markers": "python_version >= '3.9'",
            "version": "==0.2.0"
        },
        "pyaes": {
            "hashes": [
                "sha256:02c1b1405c38d3c370b085fb952dd8bea3fadcee6411ad99f312cc129c536d8f"
            ],
            "version": "==1.6.1"
        },
        "pymongo": {
            "hashes": [
                "sha256:0492ef43f3342354cf581712e431621c221f60c877ebded84e3f3e53b71bbbe0",
                "sha256:08fbab69f3fb6f8088c81f4c4a8abd84a99c132034f5e27e47f894bbcb6bf439",
                "sha256:16d2efe559d0d96bc0b74b3ff76701ad6f6e1a65f6581b573dcacc29158131c8",
                "sha256:172d8ba0f567e351a18765db23dab7dbcfdffd91a8788d90d46b350f80a40781",
                "sha256:1b4b961fce213f2bcdc92268f85111a3668c61b9b4d4e7ece27dce3a137cfcbd",
                "sha256:1d79f20f9c7cbc1c708fb80b648b6fbd3220fd3437a9bd6017c1eb592e03b361",
                "sha256:1d7aa9cc2d92e73bdb036c578ba019da94ea165eb147e691cd910a6fab7ce3b7",
                "sha256:1dfd2aa30174d36a3ef1dae4ee4c89710c2d65cac52ce6e13f17c710edbd61cf",
                "sha256:1fac1def9e9073f1c80198c99f0ec39c2528236c8912d96d7fd3b0237f4c523a",
                "sha256:286fb275267f0293364ba579f6354452599161f1902ad411061c7f744ab88328",
                "sha256:34e4993ae78be56f9e27a141168a1ab78253576fa3e893fa335a719ce204c3ef",
                "sha256:375765ec81b1f0a26d08928afea0c3dff897c36080a090be53fc7b70cc51d497",
                "sha256:3a846423c4535428f69a90a1451df3718bc59f0c4ab685b9e96d3071951e0be4",
                "sha256:42c19d2b094cdd0ead7dbb38860bbe8268c140334ce55d8b39204ddb4ebd4904",
                "sha256:4327c0d9bd616b8289691360f2d4a09a72fe35479795832eae0d4ff78af53923",
                "sha256:432ad395d2233056b042ccc73234e7136aa65d944d6bd8b5138394bd38aaff79",
                "sha256:47b4896544095d172c366dd4d4ea1da6b0ab1a77d8416897cc1801e2421b1e67",
                "sha256:4cddb51cead9700c4dccc916952bc0321b8d766bf782d374bfa0e93ef47c1d20",
                "sha256:4d1b959a3dda0775d9111622ee47ad47772aed3a9da2e7d5f2f513fa68175dea",
                "sha256:51dbc6251c6783dfcc7d657c346986d8bad7210989b2fe15de16db5204a8e7ae",
                "sha256:56877cfcdf7dfc5c6408e4551ec0d6d65ebbca4d744a0bc90400f09ef6bbcc8a",
                "sha256:679b8d55854da7c7fdb82aa5e092ab4de0144daf6758defed8ab00ff9ce05360",
                "sha256:687cf70e096381bc65b4273a6a9319617618f7ace65caffc356e1099c4a68511",
                "sha256:6bb3d5282278594753089dc7da48bfae4a7f337a2dd4d397eabb591c649e58d0",
                "sha256:75d5974f874acdb2f125bdbe785045b23a39ecce1d3143dd5712800c7b6d25eb",
                "sha256:7f962d74201c772555f7a78792fed820a5ea76db5c7ee6cf43748e411b44e430",
                "sha256:8089003a99127f917bdbeec177d41cef019cda8ec70534c1018cb60aacd23c2a",
                "sha256:8b632e01617f2608880f7b9926f54a5f5ebb51631996e0540fff7fc7980663c9",
                "sha256:8f0d5258bc85a4e6b5bcae8160628168e71ec4625a58ceb53327c3280a0b6914",
                "sha256:91b1a92214c3912af5467f77c2f6435cd76f6de64c70cba7bb4ee43eba7f459e",
                "sha256:95418e334629440f70fe5ceeefc6cbbd50defb566901c8d68179ffbaec8d5f01",
                "sha256:96462fb2175f740701d229f52018ea6e4adc4148c4112e6628bb359dd534a3df",
                "sha256:99b611ff75b5d9e17183dcf9584a7b04f9db07e51a162f23ea05e485e0735c0a",
                "sha256:9d78adf25967c06298c7e488f4cfab79a390fc32c2b1d428613976f99031603d",
                "sha256:9fbe9fad27619ac4cfda5df0ade26a99906da7dfe7b01deddc25997eb1804e4c",
                "sha256:a0b10cf51ec14a487c94709d294c00e1fb6a0a4c38cdc3acfb2ced5ef60972a0",
                "sha256:a2b12c74cfd90147babb77f9728646bcedfdbd2bd2a5b4130a00e3a0af1a3d34",
                "sha256:a40ea8bc9cffb61c5c9c426c430d22235e085e610ee81ae075ddf51f12f76236",
                "sha256:a7689da1d1b444284e4ea9ab2eb64a15307b6b795918c0f3cd7774dd1d8a7556",
                "sha256:aa4493f304b33c5d2ecee3055c98889ac6724d56f5f922d47420a45d0d4099c9",
                "sha256:b23211c031b45d0f32de83ab7d77f9c26f1025c2d2c91463a5d8594a16103655",
                "sha256:b347052d510989d1f52b8553b31297f21cf74bd9f6aed71ee84e563492f4ff17",
                "sha256:b4c793db8457c856f333f396798470b9bfe405e17c307d581532c74cec70150c",
                "sha256:b7f2d34390acf60e229c30037d1473fcf69f4536cd7f48f6f78c0c931c61c505",
                "sha256:c4204fad54830a3173a5c939cd052d0561fba03dba7e0ff6852fd631f3314aa4",
                "sha256:d476d91a5c9e6c37bc8ec3fb294e1c01d95736ccf01a59bb1540fe2f710f826e",
                "sha256:db5b299e11284f8d82ce2983d8e19fcc28f98f902a179709ef1982b4cca6f8b8",
                "sha256:dc3d070d746ab79e9b393a5c236df20e56607389af2b79bf1bfe9a841117558e",
                "sha256:dd3352eaf578f8e9bdea7a5692910eedad1e8680f60726fc70e99c8af51a5449",
                "sha256:e02b03e3815b80a63e773e4c32aed3cf5633d406f376477be74550295c211256",
                "sha256:e1f346811d4a2369f88ab7a6f886fa9c3bbc9ed4e4f4a3becca8717a73d465cb",
                "sha256:e3645aff8419ca60f9ccd08966b2f6b0d78053f9f98a814d025426f1d874c19a",
                "sha256:ea3f0196e7c311b9944a609ac175bd91ab97952164a1246716fdd38d53ca3bcc",
                "sha256:f05e34d401be871d7c87cb10727d49315444e4ded07ff876a595e4c23b7436da",
                "sha256:f23a046531030318622414f21198e232cf93c5640da9a80b45596a059c8cc090",
                "sha256:f838f613e74b4dad8ace0d90f42346005bece4eda5bf6d389cfadb8322d39316",
                "sha256:f8e8b8deba6a4bff3dd5421071083219521c74d2acae0322de5c06f1a66c56af",
                "sha256:fbb1c7dfcf6c44e9e1928290631c7603817991cdf570691c9e15fca594918435",
                "sha256:fe709d05654c12fc513617c8d5c8d05b7e9cf1d5d94ada68add4e89530c867d2"
            ],
            "index": "pypi",
            "markers": "python_version >= '3.8'",
            "version": "==4.9.1"
        },
        "pysocks": {
            "hashes": [
                "sha256:08e69f092cc6dbe92a0fdd16eeb9b9ffbc13cadfe5ca4c7bd92ffb078b293299",
                "sha256:2725bd0a9925919b9b51739eea5f9e2bae91e83288108a9ad338b2e3a4435ee5",
                "sha256:3f8804571ebe159c380ac6de37643bb4685970655d3bba243530d6558b799aa0"
            ],
            "markers": "python_version >= '2.7' and python_version not in '3.0, 3.1, 3.2, 3.3'",
            "version": "==1.7.1"
        },
        "python-dotenv": {
            "hashes": [
                "sha256:e324ee90a023d808f1959c46bcbc04446a10ced277783dc6ee09987c37ec10ca",
                "sha256:f7b63ef50f1b690dddf550d03497b66d609393b40b564ed0d674909a68ebf16a"
            ],
            "index": "pypi",
            "markers": "python_version >= '3.8'",
            "version": "==1.0.1"
        },
        "tgcrypto": {
            "hashes": [
                "sha256:0133936eac63cc9529b497d759b7d0ca21e491bb42481b40b603ee63bb8c10b7",
                "sha256:0d28aa317364a5c27317fe97a48267aa1c65c9aaf589909e97489ebe82a714e3",
                "sha256:10dd3870aecb1a783c6eafd3b164b2149dbc93a9ee13feb7e6f5c58f87c24cd0",
                "sha256:1283337ae75b02406dd700377b8b783e70033b548492517df6e6c4156b0ed69c",
                "sha256:1445217d22101946d38ee7d628cdb3de92db4eb130183a22030c07d7888f21b0",
                "sha256:1735437df0023a40e5fdd95e6b09ce806ec8f2cd2f8879023818840dfae60cab",
                "sha256:362ab28fc75e6b066e5bb15fb5296f75f4238d6c1cbcaaa1e5756cd5c168b74b",
                "sha256:36a570ecd12a428222b10ea8b5a8e0d83ea8750e4de1d5ea53d068b84341b450",
                "sha256:37c4b9be82716fbc6d2b123caef448eee28683888803db075d842327766f7624",
                "sha256:38fe25c0d79b41d7a89caba2a78dea0358e17ca73b033cefd16abed680685829",
                "sha256:39145103614c5e38fe938549742d355920f4a0778fa8259eb69c0c85ba4b1d28",
                "sha256:4507102377002966f35f2481830b7529e00c9bbff8c7d1e09634f984af801675",
                "sha256:45683659ec6475ee8ff60e12167ec19aacfd7527decafe446434fa1a7e6760a7",
                "sha256:457c657dd10ffb4bbbb007132a0f6a7bee5080176a98c51f285fedf636b624cb",
                "sha256:48da3674474839e5619e7430ff1f98aed9f55369f3cfaef7f65511852869572e",
                "sha256:4d70d5517d64ca952896b726d22c8a66594e6f6259ee2cb4fa134c02d0e8c3e0",
                "sha256:4d93686e6254eb0a32a0a60e849b41a867a2770b27b48f978fd391dce2b83aeb",
                "sha256:539bdc6b9239fb6a6b134591a998dc7f50d4dcc4fed861f80540682acc0c3802",
                "sha256:56e1ec34e75fa2e3dcf7f74f1017d8e16c1eb8a8e031eaaa06c57f836e0d3bcc",
                "sha256:59597cdb1c87eb1184088563d20b42a8f2e431e9334fed64926079044ad2a4af",
                "sha256:5d27d6c414eb4775022b05fdd571090bfd92854115e86184ac1832060fbaa510",
                "sha256:66c5b5bf701b5efc3e4c5d83439d767a3dd48f17a1d840eda6b4d1918844a8f9",
                "sha256:6e96b3a478fae977228c5750194c20a18cde402bbbea6593de424f84d4a8893b",
                "sha256:7070c6e063befb6d04eab46e8b1ffbee47a497971be11496d23837fc007e7685",
                "sha256:76fe0a3ad838dcf300ac88233cbffc2ad63478eb0ae9fa671694e184d88ec1cd",
                "sha256:7885a75db09ce8bdba42d2c332085bfe314f232541a729808c7507ffa261ff9a",
                "sha256:7b7fe81fad7c64479c83f31fc10e79fb20a114bca414e5e17f5e0c8b363153f8",
                "sha256:7dbf607d645c39a577a0f8571039d11ddd2dcdf9656465be75f9e0f540472444",
                "sha256:7f6537f6af3d80be67bd2625a0990ee88c6ae58d33bdb88d99591bd6e97ee7a0",
                "sha256:80e2414f1a95087d7e46fb54cb387df66424c4ec156fb1a8d8e1d4aa38eb65cf",
                "sha256:8723a16076e229ffdf537fdb5e638227d10f44ca43e6939db1eab524de6eaed7",
                "sha256:89d9c143a1fcdb2562a4aa887152abbe9253e1979d7bebef2b489148e0bbe086",
                "sha256:90b6337d3ae4348ed14f89dd2ebf7011fa63d67a48c8a98d955a1e392176c60a",
                "sha256:940974e19044dc65bcf7b9c5255173b896dff010142f3833047dc55d59cde21c",
                "sha256:9b0a088ff2e05b6bbe891da936f62b99bd85202b2b9f4f57f71a408490dd518c",
                "sha256:9bc2cac6fb9a12ef5b08f3dd500174fe374d89b660cce981f57e3138559cb682",
                "sha256:9d9f13586065a6d86d05c16409054033a84be208acee29b49f6f194e27b08642",
                "sha256:a1beec47d6af8b509af7cf266e30f7703208076076594714005b42d2c25225b3",
                "sha256:aa4bc1d11d4a90811c162abd45a5981f171679d1b5bd0322cd7ccd16447366a2",
                "sha256:ace308f5842a0d6c04fc1ae92cb4320b4b13bfc711031c1c18d9124697685ba0",
                "sha256:b49e982e5b156be821a5235bd9102c00dc506a58607e2c8bd50ac872724a951f",
                "sha256:b7e8402fe4023dc9666c0bc1b30fcf0d98a294e48d35f311a3eadfe105af04d4",
                "sha256:ba9e067fd9751b3bbd7c979210431000e44f70001d921237e9c4672bf30f07bc",
                "sha256:bb82e53f20ce5653573832f3c05fa525cc1769bdd685408b19f26d82d5e9001b",
                "sha256:bdebbd9cffd10c42a2f60886dcab0272ddd38330d0cf7ccf026230b826573f59",
                "sha256:c035bf8ef89846f67e77e82ea85c089b6ea30631b32e8ac1a6511b9be52ab065",
                "sha256:c133ddc95ae9c6cd6ad742c4b8c30191214db8dc724268bee59a339e22b2028b",
                "sha256:c1c8d974b8b2d7132364b6f0f6712b92bfe47ab9c5dcee25c70327ff68d22d95",
                "sha256:ca8814d6cc412775a43a021fce2d23e83a5336e9e9f38d0998d821cdf55c1d50",
                "sha256:cfa17a20206532c6d2442c9d7a7f6434120bd75896ad9a3e9b9277477afa084f",
                "sha256:d6b0c2dc84e632ce7b3d0b767cfe20967e557ad7d71ea5dbd7df2dd544323181",
                "sha256:eafad246fd9aa63ff709a6e8c905c24fd7520ef96e33a2c3e1ccdb4fb2b2f331",
                "sha256:ed53d0c4a5e6f75d4b1cab17535afe210cd3120fb88f44a8c4562d43c2a3bb16",
                "sha256:f245895c7d518342089d15b5dca3cee9ffa5a0f3534db9d5a930f6a27dff4adf",
                "sha256:f594e2680daf20dbac6bf56862f567ddc3cc8d6a19757ed07faa8320ff7acee4",
                "sha256:f7ec9f0a571fcc38fbee224943ed9918123f752ac19bae5c195d8322f5b20fab"
            ],
            "index": "pypi",
            "markers": "python_version ~= '3.7'",
            "version": "==1.2.5"
        },
        "typing-extensions": {
            "hashes": [
                "sha256:04e5ca0351e0f3f85c6853954072df659d0d13fac324d0072316b67d7794700d",
                "sha256:1a7ead55c7e559dd4dee8856e3a88b41225abfe1ce8df57b7c13915fe121ffb8"
            ],
            "markers": "python_version >= '3.8'",
            "version": "==4.12.2"
        }
    },
    "develop": {}
}
